
Microsoft Visual Studio Solution File, Format Version 12.00
# Visual Studio Version 16
VisualStudioVersion = 16.0.31112.23
MinimumVisualStudioVersion = 10.0.40219.1
Project("{FAE04EC0-301F-11D3-BF4B-00C04F79EFBC}") = "Online Library Management System", "Online Library Management System\Online Library Management System.csproj", "{C4450DD8-BFBA-4FA8-9CE4-0990DA193849}"
EndProject
Global
	GlobalSection(SolutionConfigurationPlatforms) = preSolution
		Debug|Any CPU = Debug|Any CPU
		Release|Any CPU = Release|Any CPU
	EndGlobalSection
	GlobalSection(ProjectConfigurationPlatforms) = postSolution
		{C4450DD8-BFBA-4FA8-9CE4-0990DA193849}.Debug|Any CPU.ActiveCfg = Debug|Any CPU
		{C4450DD8-BFBA-4FA8-9CE4-0990DA193849}.Debug|Any CPU.Build.0 = Debug|Any CPU
		{C4450DD8-BFBA-4FA8-9CE4-0990DA193849}.Release|Any CPU.ActiveCfg = Release|Any CPU
		{C4450DD8-BFBA-4FA8-9CE4-0990DA193849}.Release|Any CPU.Build.0 = Release|Any CPU
	EndGlobalSection
	GlobalSection(SolutionProperties) = preSolution
		HideSolutionNode = FALSE
	EndGlobalSection
	GlobalSection(ExtensibilityGlobals) = postSolution
		SolutionGuid = {EACE701B-2222-4CA0-A927-204DA6E8B974}
	EndGlobalSection
EndGlobal
